// !$*UTF8*$!
{
	archiveVersion = 1;
	classes = {
	};
	objectVersion = 77;
	objects = {

/* Begin PBXBuildFile section */
		05BDE4FE0895F8A1A8C48285 /* AppState.swift in Sources */ = {isa = PBXBuildFile; fileRef = AAFC5187DF007D488997EF16 /* AppState.swift */; };
		063D4E63C0272CC184CB1EB7 /* HeaderBar.swift in Sources */ = {isa = PBXBuildFile; fileRef = 944705F981DFB920DF1BE4A2 /* HeaderBar.swift */; };
		070D4BB2D8124C923DB8FEC6 /* SamplerEngine.swift in Sources */ = {isa = PBXBuildFile; fileRef = 3F64BD8C3457F897BC7CE6F0 /* SamplerEngine.swift */; };
		07950A36C22FD09922713A1C /* RecordingLibrary.swift in Sources */ = {isa = PBXBuildFile; fileRef = 8222F16E6DEEBB76A0980823 /* RecordingLibrary.swift */; };
		0F151394D6DD80F995CF7C4A /* InspectorPanel.swift in Sources */ = {isa = PBXBuildFile; fileRef = 85250815695A3FA32172CEE1 /* InspectorPanel.swift */; };
		1120DC06A86D6BA24D61EC8D /* EffectsRack.swift in Sources */ = {isa = PBXBuildFile; fileRef = B3625DFA2473BA7F8534FD56 /* EffectsRack.swift */; };
		14E483F8FBA9ABD71739134A /* Waveforms.swift in Sources */ = {isa = PBXBuildFile; fileRef = 93525619477D7A42067F6E64 /* Waveforms.swift */; };
		186E68B22B2889663CC80D9B /* IPhoneRootView.swift in Sources */ = {isa = PBXBuildFile; fileRef = 5ACC89B6E4D8406B086745C2 /* IPhoneRootView.swift */; };
		1D64FE8910B1005DBCB4DB60 /* KeyboardView.swift in Sources */ = {isa = PBXBuildFile; fileRef = 2650D5561737FDF5978C761E /* KeyboardView.swift */; };
		1F056C928F5A82A34F4950D6 /* AudioEngine.swift in Sources */ = {isa = PBXBuildFile; fileRef = 4F65A9E4E0274D5EE22BBD7F /* AudioEngine.swift */; };
		292BE6F44A7F0D8309B498F5 /* ControlBar.swift in Sources */ = {isa = PBXBuildFile; fileRef = 1739AA45D4E5DE0145B5D584 /* ControlBar.swift */; };
		309B3249C3C403425143FAC5 /* SoniccApp.swift in Sources */ = {isa = PBXBuildFile; fileRef = 21806C20957F7D98CBDA4D32 /* SoniccApp.swift */; };
		309F5497F8261EB9021CFFFD /* WorldInstruments.swift in Sources */ = {isa = PBXBuildFile; fileRef = 033896E248E3C9F16816F348 /* WorldInstruments.swift */; };
		33E981EE23423A1D19757A56 /* PatternView.swift in Sources */ = {isa = PBXBuildFile; fileRef = ACABC83119AE5DABE1675B4C /* PatternView.swift */; };
		36D6CECA246DB47BADF6E385 /* AppShortcuts.swift in Sources */ = {isa = PBXBuildFile; fileRef = 56D54C02669B58370431187C /* AppShortcuts.swift */; };
		37932CB88BAFD43F7D543937 /* Assets.xcassets in Resources */ = {isa = PBXBuildFile; fileRef = 3C3AF92EB5E3C995EDED3AD6 /* Assets.xcassets */; };
		39183776B5BB3C20D0C887CF /* Scale.swift in Sources */ = {isa = PBXBuildFile; fileRef = 67B2C66453FE59B8DAFC4823 /* Scale.swift */; };
		473F5876426922D92EE34601 /* SynthState.swift in Sources */ = {isa = PBXBuildFile; fileRef = 4BE6539462C6DB9759171C77 /* SynthState.swift */; };
		4EA206E59106E89ADDE082EA /* FloatingTransport.swift in Sources */ = {isa = PBXBuildFile; fileRef = 47F5BA3ECBD23E98793D6F1B /* FloatingTransport.swift */; };
		54CDA6D33A925BC3F56B5100 /* SettingsSheet.swift in Sources */ = {isa = PBXBuildFile; fileRef = A9E296F361C007F8DB818A8A /* SettingsSheet.swift */; };
		5F9F2C2073367774A029642C /* KeyboardShortcuts.swift in Sources */ = {isa = PBXBuildFile; fileRef = C16ABEC586D2E1B627B41BC8 /* KeyboardShortcuts.swift */; };
		65C131AE61E6EE73CD4F3CAA /* InspectorStrip.swift in Sources */ = {isa = PBXBuildFile; fileRef = C0952FFD0D11027F2EFA54DF /* InspectorStrip.swift */; };
		677307D8916AC370700D6023 /* PresetLibrary.swift in Sources */ = {isa = PBXBuildFile; fileRef = 15EA8FEEA48DE995EAB88C89 /* PresetLibrary.swift */; };
		7296D7F94A5AFA76775B12A6 /* TrialGate.swift in Sources */ = {isa = PBXBuildFile; fileRef = 84FCC655BAA9FE6EBDE5AAB6 /* TrialGate.swift */; };
		76FA7BC7942FA46896217CCC /* SynthVoice.swift in Sources */ = {isa = PBXBuildFile; fileRef = 4B05113F32DA55C56CE394B5 /* SynthVoice.swift */; };
		7C124A9140F8207BD3D82CA0 /* NotePitch.swift in Sources */ = {isa = PBXBuildFile; fileRef = 0B4AFE8B8133C6D4140DA7B8 /* NotePitch.swift */; };
		867C59C9FBB69C8C9971C166 /* VoiceAllocator.swift in Sources */ = {isa = PBXBuildFile; fileRef = 9B2C491EF389094F42485AF2 /* VoiceAllocator.swift */; };
		8A10313ADFB0D462040D55D9 /* ChordReadout.swift in Sources */ = {isa = PBXBuildFile; fileRef = BE3DD21FFB4DE9BDB4E5D07E /* ChordReadout.swift */; };
		8CF07F656FDEC3D9A19C7ABF /* CustomEffects.swift in Sources */ = {isa = PBXBuildFile; fileRef = 72BCA1304FD82AC4903061F6 /* CustomEffects.swift */; };
		8F0E37FDAF934655C26AD506 /* AudioSessionConfigurator.swift in Sources */ = {isa = PBXBuildFile; fileRef = CD53199623A01EABDCDCE829 /* AudioSessionConfigurator.swift */; };
		9357884910843FCCC6195F02 /* Haptics.swift in Sources */ = {isa = PBXBuildFile; fileRef = 24748FE3AAE76D99ED72366C /* Haptics.swift */; };
		97BDF56F8C025E2FBFA007AC /* IAPStore.swift in Sources */ = {isa = PBXBuildFile; fileRef = 67702B37FE907E752ECFEDDC /* IAPStore.swift */; };
		A21F9F477BB4D16DE77E1262 /* Sequencer.swift in Sources */ = {isa = PBXBuildFile; fileRef = 6FB14523BF1614EF619DA06F /* Sequencer.swift */; };
		A776A829723A3E9130455DCF /* DesignSystem.swift in Sources */ = {isa = PBXBuildFile; fileRef = 4D058BB315A208D9D5680287 /* DesignSystem.swift */; };
		AC01B25AA26D7D9DEA44E58E /* RecordingLibrarySheet.swift in Sources */ = {isa = PBXBuildFile; fileRef = C2550D6D975FEBEA3C29FE48 /* RecordingLibrarySheet.swift */; };
		AE66455732D00E217519F5FB /* DrumSynth.swift in Sources */ = {isa = PBXBuildFile; fileRef = 1736B93276E0A1D3C9DA2853 /* DrumSynth.swift */; };
		AE6E09A320F9D4913740C188 /* MIDIManager.swift in Sources */ = {isa = PBXBuildFile; fileRef = 07DF9A8888AB382BBF66B82A /* MIDIManager.swift */; };
		AEE6CF3172D498108C2B9929 /* ContentView.swift in Sources */ = {isa = PBXBuildFile; fileRef = 27A3ED86D91F61F2A99583FD /* ContentView.swift */; };
		B61EC327AD8D998F0318370C /* ADSREnvelope.swift in Sources */ = {isa = PBXBuildFile; fileRef = E6DA072ED414BC023EEC79CB /* ADSREnvelope.swift */; };
		BD0AECE542B978DD60A592CD /* MultiTouchKeyboard.swift in Sources */ = {isa = PBXBuildFile; fileRef = 36470D7E708B90D90F64C93F /* MultiTouchKeyboard.swift */; };
		C82863A2BA7287C79AD55DA3 /* ThemeLibrary.swift in Sources */ = {isa = PBXBuildFile; fileRef = A2C65B4A496779BB48252352 /* ThemeLibrary.swift */; };
		CDD078A764EE4E196C48EC71 /* MicView.swift in Sources */ = {isa = PBXBuildFile; fileRef = 787CB08DF6C9DD7215EA2960 /* MicView.swift */; };
		CF26AC6B1D9AD84E96582967 /* PrivacyInfo.xcprivacy in Resources */ = {isa = PBXBuildFile; fileRef = 7C47DCC4BCB249379E4F9EA5 /* PrivacyInfo.xcprivacy */; };
		CF8CB5E3BE709EDDDB1E713C /* BiquadLowpass.swift in Sources */ = {isa = PBXBuildFile; fileRef = 4548D28AAC44FCEFD42ED754 /* BiquadLowpass.swift */; };
		D36162DE9A3B9DE0375AF1F1 /* PaywallView.swift in Sources */ = {isa = PBXBuildFile; fileRef = DA097B49EB2E8F7A8B052E7A /* PaywallView.swift */; };
		D54085DFBA6E36925A5A1677 /* WelcomeSheet.swift in Sources */ = {isa = PBXBuildFile; fileRef = 0DBAB9F661ED7B128C2D7D90 /* WelcomeSheet.swift */; };
		D5A00C9D32B84A1BEDC42516 /* PatternLibrary.swift in Sources */ = {isa = PBXBuildFile; fileRef = 1095CB002E3634A153387061 /* PatternLibrary.swift */; };
		DAC5CF6178AEAD30FDCAC6F9 /* LaunchScreen.storyboard in Resources */ = {isa = PBXBuildFile; fileRef = 8306992FF9304C363ED7FA65 /* LaunchScreen.storyboard */; };
		F42564B6C455886CFE8DD760 /* DrumsView.swift in Sources */ = {isa = PBXBuildFile; fileRef = 3AA5E7ED20653E0D9B788B03 /* DrumsView.swift */; };
		F5E04ECDA5812A77734E7DE9 /* IPadRootView.swift in Sources */ = {isa = PBXBuildFile; fileRef = FE46D623614725882A56B8FE /* IPadRootView.swift */; };
		F9994FCC45FA6598DE042508 /* PatternLibrarySheet.swift in Sources */ = {isa = PBXBuildFile; fileRef = FAFBF7E7784DDD5A3AB0C67D /* PatternLibrarySheet.swift */; };
		FADE730B90213BA258CD9823 /* MicrophoneRecorder.swift in Sources */ = {isa = PBXBuildFile; fileRef = 5E60733D3E339125BC07DD71 /* MicrophoneRecorder.swift */; };
		FCA2F6621E4C8682797001AF /* SamplerView.swift in Sources */ = {isa = PBXBuildFile; fileRef = 9BC808848CED911AB53A82E4 /* SamplerView.swift */; };
/* End PBXBuildFile section */

/* Begin PBXFileReference section */
		033896E248E3C9F16816F348 /* WorldInstruments.swift */ = {isa = PBXFileReference; lastKnownFileType = sourcecode.swift; path = WorldInstruments.swift; sourceTree = "<group>"; };
		07DF9A8888AB382BBF66B82A /* MIDIManager.swift */ = {isa = PBXFileReference; lastKnownFileType = sourcecode.swift; path = MIDIManager.swift; sourceTree = "<group>"; };
		0B4AFE8B8133C6D4140DA7B8 /* NotePitch.swift */ = {isa = PBXFileReference; lastKnownFileType = sourcecode.swift; path = NotePitch.swift; sourceTree = "<group>"; };
		0DBAB9F661ED7B128C2D7D90 /* WelcomeSheet.swift */ = {isa = PBXFileReference; lastKnownFileType = sourcecode.swift; path = WelcomeSheet.swift; sourceTree = "<group>"; };
		0E5EEE68F6E159636EDC68D5 /* Sonicc.app */ = {isa = PBXFileReference; includeInIndex = 0; lastKnownFileType = wrapper.application; path = Sonicc.app; sourceTree = BUILT_PRODUCTS_DIR; };
		1095CB002E3634A153387061 /* PatternLibrary.swift */ = {isa = PBXFileReference; lastKnownFileType = sourcecode.swift; path = PatternLibrary.swift; sourceTree = "<group>"; };
		15EA8FEEA48DE995EAB88C89 /* PresetLibrary.swift */ = {isa = PBXFileReference; lastKnownFileType = sourcecode.swift; path = PresetLibrary.swift; sourceTree = "<group>"; };
		1736B93276E0A1D3C9DA2853 /* DrumSynth.swift */ = {isa = PBXFileReference; lastKnownFileType = sourcecode.swift; path = DrumSynth.swift; sourceTree = "<group>"; };
		1739AA45D4E5DE0145B5D584 /* ControlBar.swift */ = {isa = PBXFileReference; lastKnownFileType = sourcecode.swift; path = ControlBar.swift; sourceTree = "<group>"; };
		21806C20957F7D98CBDA4D32 /* SoniccApp.swift */ = {isa = PBXFileReference; lastKnownFileType = sourcecode.swift; path = SoniccApp.swift; sourceTree = "<group>"; };
		24748FE3AAE76D99ED72366C /* Haptics.swift */ = {isa = PBXFileReference; lastKnownFileType = sourcecode.swift; path = Haptics.swift; sourceTree = "<group>"; };
		2650D5561737FDF5978C761E /* KeyboardView.swift */ = {isa = PBXFileReference; lastKnownFileType = sourcecode.swift; path = KeyboardView.swift; sourceTree = "<group>"; };
		27A3ED86D91F61F2A99583FD /* ContentView.swift */ = {isa = PBXFileReference; lastKnownFileType = sourcecode.swift; path = ContentView.swift; sourceTree = "<group>"; };
		36470D7E708B90D90F64C93F /* MultiTouchKeyboard.swift */ = {isa = PBXFileReference; lastKnownFileType = sourcecode.swift; path = MultiTouchKeyboard.swift; sourceTree = "<group>"; };
		3AA5E7ED20653E0D9B788B03 /* DrumsView.swift */ = {isa = PBXFileReference; lastKnownFileType = sourcecode.swift; path = DrumsView.swift; sourceTree = "<group>"; };
		3C3AF92EB5E3C995EDED3AD6 /* Assets.xcassets */ = {isa = PBXFileReference; lastKnownFileType = folder.assetcatalog; path = Assets.xcassets; sourceTree = "<group>"; };
		3F64BD8C3457F897BC7CE6F0 /* SamplerEngine.swift */ = {isa = PBXFileReference; lastKnownFileType = sourcecode.swift; path = SamplerEngine.swift; sourceTree = "<group>"; };
		4548D28AAC44FCEFD42ED754 /* BiquadLowpass.swift */ = {isa = PBXFileReference; lastKnownFileType = sourcecode.swift; path = BiquadLowpass.swift; sourceTree = "<group>"; };
		47F5BA3ECBD23E98793D6F1B /* FloatingTransport.swift */ = {isa = PBXFileReference; lastKnownFileType = sourcecode.swift; path = FloatingTransport.swift; sourceTree = "<group>"; };
		4B05113F32DA55C56CE394B5 /* SynthVoice.swift */ = {isa = PBXFileReference; lastKnownFileType = sourcecode.swift; path = SynthVoice.swift; sourceTree = "<group>"; };
		4BE6539462C6DB9759171C77 /* SynthState.swift */ = {isa = PBXFileReference; lastKnownFileType = sourcecode.swift; path = SynthState.swift; sourceTree = "<group>"; };
		4D058BB315A208D9D5680287 /* DesignSystem.swift */ = {isa = PBXFileReference; lastKnownFileType = sourcecode.swift; path = DesignSystem.swift; sourceTree = "<group>"; };
		4F65A9E4E0274D5EE22BBD7F /* AudioEngine.swift */ = {isa = PBXFileReference; lastKnownFileType = sourcecode.swift; path = AudioEngine.swift; sourceTree = "<group>"; };
		56D54C02669B58370431187C /* AppShortcuts.swift */ = {isa = PBXFileReference; lastKnownFileType = sourcecode.swift; path = AppShortcuts.swift; sourceTree = "<group>"; };
		5ACC89B6E4D8406B086745C2 /* IPhoneRootView.swift */ = {isa = PBXFileReference; lastKnownFileType = sourcecode.swift; path = IPhoneRootView.swift; sourceTree = "<group>"; };
		5E60733D3E339125BC07DD71 /* MicrophoneRecorder.swift */ = {isa = PBXFileReference; lastKnownFileType = sourcecode.swift; path = MicrophoneRecorder.swift; sourceTree = "<group>"; };
		67702B37FE907E752ECFEDDC /* IAPStore.swift */ = {isa = PBXFileReference; lastKnownFileType = sourcecode.swift; path = IAPStore.swift; sourceTree = "<group>"; };
		67B2C66453FE59B8DAFC4823 /* Scale.swift */ = {isa = PBXFileReference; lastKnownFileType = sourcecode.swift; path = Scale.swift; sourceTree = "<group>"; };
		6FB14523BF1614EF619DA06F /* Sequencer.swift */ = {isa = PBXFileReference; lastKnownFileType = sourcecode.swift; path = Sequencer.swift; sourceTree = "<group>"; };
		72BCA1304FD82AC4903061F6 /* CustomEffects.swift */ = {isa = PBXFileReference; lastKnownFileType = sourcecode.swift; path = CustomEffects.swift; sourceTree = "<group>"; };
		787CB08DF6C9DD7215EA2960 /* MicView.swift */ = {isa = PBXFileReference; lastKnownFileType = sourcecode.swift; path = MicView.swift; sourceTree = "<group>"; };
		7C47DCC4BCB249379E4F9EA5 /* PrivacyInfo.xcprivacy */ = {isa = PBXFileReference; path = PrivacyInfo.xcprivacy; sourceTree = "<group>"; };
		8222F16E6DEEBB76A0980823 /* RecordingLibrary.swift */ = {isa = PBXFileReference; lastKnownFileType = sourcecode.swift; path = RecordingLibrary.swift; sourceTree = "<group>"; };
		8306992FF9304C363ED7FA65 /* LaunchScreen.storyboard */ = {isa = PBXFileReference; lastKnownFileType = file.storyboard; path = LaunchScreen.storyboard; sourceTree = "<group>"; };
		84FCC655BAA9FE6EBDE5AAB6 /* TrialGate.swift */ = {isa = PBXFileReference; lastKnownFileType = sourcecode.swift; path = TrialGate.swift; sourceTree = "<group>"; };
		85250815695A3FA32172CEE1 /* InspectorPanel.swift */ = {isa = PBXFileReference; lastKnownFileType = sourcecode.swift; path = InspectorPanel.swift; sourceTree = "<group>"; };
		93525619477D7A42067F6E64 /* Waveforms.swift */ = {isa = PBXFileReference; lastKnownFileType = sourcecode.swift; path = Waveforms.swift; sourceTree = "<group>"; };
		944705F981DFB920DF1BE4A2 /* HeaderBar.swift */ = {isa = PBXFileReference; lastKnownFileType = sourcecode.swift; path = HeaderBar.swift; sourceTree = "<group>"; };
		9B2C491EF389094F42485AF2 /* VoiceAllocator.swift */ = {isa = PBXFileReference; lastKnownFileType = sourcecode.swift; path = VoiceAllocator.swift; sourceTree = "<group>"; };
		9BC808848CED911AB53A82E4 /* SamplerView.swift */ = {isa = PBXFileReference; lastKnownFileType = sourcecode.swift; path = SamplerView.swift; sourceTree = "<group>"; };
		A2C65B4A496779BB48252352 /* ThemeLibrary.swift */ = {isa = PBXFileReference; lastKnownFileType = sourcecode.swift; path = ThemeLibrary.swift; sourceTree = "<group>"; };
		A9E296F361C007F8DB818A8A /* SettingsSheet.swift */ = {isa = PBXFileReference; lastKnownFileType = sourcecode.swift; path = SettingsSheet.swift; sourceTree = "<group>"; };
		AAFC5187DF007D488997EF16 /* AppState.swift */ = {isa = PBXFileReference; lastKnownFileType = sourcecode.swift; path = AppState.swift; sourceTree = "<group>"; };
		ACABC83119AE5DABE1675B4C /* PatternView.swift */ = {isa = PBXFileReference; lastKnownFileType = sourcecode.swift; path = PatternView.swift; sourceTree = "<group>"; };
		B3625DFA2473BA7F8534FD56 /* EffectsRack.swift */ = {isa = PBXFileReference; lastKnownFileType = sourcecode.swift; path = EffectsRack.swift; sourceTree = "<group>"; };
		BE3DD21FFB4DE9BDB4E5D07E /* ChordReadout.swift */ = {isa = PBXFileReference; lastKnownFileType = sourcecode.swift; path = ChordReadout.swift; sourceTree = "<group>"; };
		C0952FFD0D11027F2EFA54DF /* InspectorStrip.swift */ = {isa = PBXFileReference; lastKnownFileType = sourcecode.swift; path = InspectorStrip.swift; sourceTree = "<group>"; };
		C16ABEC586D2E1B627B41BC8 /* KeyboardShortcuts.swift */ = {isa = PBXFileReference; lastKnownFileType = sourcecode.swift; path = KeyboardShortcuts.swift; sourceTree = "<group>"; };
		C2550D6D975FEBEA3C29FE48 /* RecordingLibrarySheet.swift */ = {isa = PBXFileReference; lastKnownFileType = sourcecode.swift; path = RecordingLibrarySheet.swift; sourceTree = "<group>"; };
		CD53199623A01EABDCDCE829 /* AudioSessionConfigurator.swift */ = {isa = PBXFileReference; lastKnownFileType = sourcecode.swift; path = AudioSessionConfigurator.swift; sourceTree = "<group>"; };
		DA097B49EB2E8F7A8B052E7A /* PaywallView.swift */ = {isa = PBXFileReference; lastKnownFileType = sourcecode.swift; path = PaywallView.swift; sourceTree = "<group>"; };
		E6DA072ED414BC023EEC79CB /* ADSREnvelope.swift */ = {isa = PBXFileReference; lastKnownFileType = sourcecode.swift; path = ADSREnvelope.swift; sourceTree = "<group>"; };
		FAFBF7E7784DDD5A3AB0C67D /* PatternLibrarySheet.swift */ = {isa = PBXFileReference; lastKnownFileType = sourcecode.swift; path = PatternLibrarySheet.swift; sourceTree = "<group>"; };
		FE46D623614725882A56B8FE /* IPadRootView.swift */ = {isa = PBXFileReference; lastKnownFileType = sourcecode.swift; path = IPadRootView.swift; sourceTree = "<group>"; };
/* End PBXFileReference section */

/* Begin PBXGroup section */
		0FA8B47D13F9559F612071C8 /* Sequencer */ = {
			isa = PBXGroup;
			children = (
				1095CB002E3634A153387061 /* PatternLibrary.swift */,
				6FB14523BF1614EF619DA06F /* Sequencer.swift */,
			);
			path = Sequencer;
			sourceTree = "<group>";
		};
		163516736B4304D302857D0C /* Models */ = {
			isa = PBXGroup;
			children = (
				AAFC5187DF007D488997EF16 /* AppState.swift */,
				0B4AFE8B8133C6D4140DA7B8 /* NotePitch.swift */,
				67B2C66453FE59B8DAFC4823 /* Scale.swift */,
				4BE6539462C6DB9759171C77 /* SynthState.swift */,
			);
			path = Models;
			sourceTree = "<group>";
		};
		245C92AD5DE3AF1FE0C980CD /* Products */ = {
			isa = PBXGroup;
			children = (
				0E5EEE68F6E159636EDC68D5 /* Sonicc.app */,
			);
			name = Products;
			sourceTree = "<group>";
		};
		2AC41E7926154A90D63F214E /* Audio */ = {
			isa = PBXGroup;
			children = (
				E6DA072ED414BC023EEC79CB /* ADSREnvelope.swift */,
				4F65A9E4E0274D5EE22BBD7F /* AudioEngine.swift */,
				CD53199623A01EABDCDCE829 /* AudioSessionConfigurator.swift */,
				4548D28AAC44FCEFD42ED754 /* BiquadLowpass.swift */,
				4B05113F32DA55C56CE394B5 /* SynthVoice.swift */,
				9B2C491EF389094F42485AF2 /* VoiceAllocator.swift */,
				93525619477D7A42067F6E64 /* Waveforms.swift */,
				6FED8BE5D658F5FA88CA8E38 /* Effects */,
				546589F36EAC5DF6AEF0DD17 /* Instruments */,
			);
			path = Audio;
			sourceTree = "<group>";
		};
		31F214A77F50A1414693AE62 /* Sonicc */ = {
			isa = PBXGroup;
			children = (
				3C3AF92EB5E3C995EDED3AD6 /* Assets.xcassets */,
				27A3ED86D91F61F2A99583FD /* ContentView.swift */,
				8306992FF9304C363ED7FA65 /* LaunchScreen.storyboard */,
				7C47DCC4BCB249379E4F9EA5 /* PrivacyInfo.xcprivacy */,
				21806C20957F7D98CBDA4D32 /* SoniccApp.swift */,
				2AC41E7926154A90D63F214E /* Audio */,
				6AC69DE5C6A31DB683275E40 /* Microphone */,
				EA671EBFFD004EC7F34B5A60 /* MIDI */,
				163516736B4304D302857D0C /* Models */,
				EF444A3CD48B3B5C99CA303B /* Presets */,
				AA91CEDAB79FF3FCEFE1B95E /* Purchase */,
				D812463DE467A96E9EF0433D /* Sampler */,
				0FA8B47D13F9559F612071C8 /* Sequencer */,
				3665F40DC30D765F5A38062D /* Shared */,
				62D38273B84D3B4A9B5B9EF5 /* Themes */,
				61379977D00F50EBED4C1538 /* Views */,
			);
			path = Sonicc;
			sourceTree = "<group>";
		};
		333D1899E7B07274D64DD656 /* Shared */ = {
			isa = PBXGroup;
			children = (
				1739AA45D4E5DE0145B5D584 /* ControlBar.swift */,
				47F5BA3ECBD23E98793D6F1B /* FloatingTransport.swift */,
				944705F981DFB920DF1BE4A2 /* HeaderBar.swift */,
				85250815695A3FA32172CEE1 /* InspectorPanel.swift */,
				C0952FFD0D11027F2EFA54DF /* InspectorStrip.swift */,
				C16ABEC586D2E1B627B41BC8 /* KeyboardShortcuts.swift */,
				A9E296F361C007F8DB818A8A /* SettingsSheet.swift */,
				0DBAB9F661ED7B128C2D7D90 /* WelcomeSheet.swift */,
			);
			path = Shared;
			sourceTree = "<group>";
		};
		3665F40DC30D765F5A38062D /* Shared */ = {
			isa = PBXGroup;
			children = (
				56D54C02669B58370431187C /* AppShortcuts.swift */,
				4D058BB315A208D9D5680287 /* DesignSystem.swift */,
				24748FE3AAE76D99ED72366C /* Haptics.swift */,
			);
			path = Shared;
			sourceTree = "<group>";
		};
		4642145278FB4EA92C03F437 /* Modes */ = {
			isa = PBXGroup;
			children = (
				BE3DD21FFB4DE9BDB4E5D07E /* ChordReadout.swift */,
				3AA5E7ED20653E0D9B788B03 /* DrumsView.swift */,
				2650D5561737FDF5978C761E /* KeyboardView.swift */,
				787CB08DF6C9DD7215EA2960 /* MicView.swift */,
				36470D7E708B90D90F64C93F /* MultiTouchKeyboard.swift */,
				FAFBF7E7784DDD5A3AB0C67D /* PatternLibrarySheet.swift */,
				ACABC83119AE5DABE1675B4C /* PatternView.swift */,
				9BC808848CED911AB53A82E4 /* SamplerView.swift */,
			);
			path = Modes;
			sourceTree = "<group>";
		};
		546589F36EAC5DF6AEF0DD17 /* Instruments */ = {
			isa = PBXGroup;
			children = (
				1736B93276E0A1D3C9DA2853 /* DrumSynth.swift */,
				033896E248E3C9F16816F348 /* WorldInstruments.swift */,
			);
			path = Instruments;
			sourceTree = "<group>";
		};
		61379977D00F50EBED4C1538 /* Views */ = {
			isa = PBXGroup;
			children = (
				74C80C9BE890CFF6AE115FF4 /* iPad */,
				F4856813D64EC580D6077177 /* iPhone */,
				4642145278FB4EA92C03F437 /* Modes */,
				333D1899E7B07274D64DD656 /* Shared */,
			);
			path = Views;
			sourceTree = "<group>";
		};
		62D38273B84D3B4A9B5B9EF5 /* Themes */ = {
			isa = PBXGroup;
			children = (
				A2C65B4A496779BB48252352 /* ThemeLibrary.swift */,
			);
			path = Themes;
			sourceTree = "<group>";
		};
		6AC69DE5C6A31DB683275E40 /* Microphone */ = {
			isa = PBXGroup;
			children = (
				5E60733D3E339125BC07DD71 /* MicrophoneRecorder.swift */,
				8222F16E6DEEBB76A0980823 /* RecordingLibrary.swift */,
				C2550D6D975FEBEA3C29FE48 /* RecordingLibrarySheet.swift */,
			);
			path = Microphone;
			sourceTree = "<group>";
		};
		6FED8BE5D658F5FA88CA8E38 /* Effects */ = {
			isa = PBXGroup;
			children = (
				72BCA1304FD82AC4903061F6 /* CustomEffects.swift */,
				B3625DFA2473BA7F8534FD56 /* EffectsRack.swift */,
			);
			path = Effects;
			sourceTree = "<group>";
		};
		74C80C9BE890CFF6AE115FF4 /* iPad */ = {
			isa = PBXGroup;
			children = (
				FE46D623614725882A56B8FE /* IPadRootView.swift */,
			);
			path = iPad;
			sourceTree = "<group>";
		};
		A5802035D641D30A5899F0FE = {
			isa = PBXGroup;
			children = (
				31F214A77F50A1414693AE62 /* Sonicc */,
				245C92AD5DE3AF1FE0C980CD /* Products */,
			);
			sourceTree = "<group>";
		};
		AA91CEDAB79FF3FCEFE1B95E /* Purchase */ = {
			isa = PBXGroup;
			children = (
				67702B37FE907E752ECFEDDC /* IAPStore.swift */,
				DA097B49EB2E8F7A8B052E7A /* PaywallView.swift */,
				84FCC655BAA9FE6EBDE5AAB6 /* TrialGate.swift */,
			);
			path = Purchase;
			sourceTree = "<group>";
		};
		D812463DE467A96E9EF0433D /* Sampler */ = {
			isa = PBXGroup;
			children = (
				3F64BD8C3457F897BC7CE6F0 /* SamplerEngine.swift */,
			);
			path = Sampler;
			sourceTree = "<group>";
		};
		EA671EBFFD004EC7F34B5A60 /* MIDI */ = {
			isa = PBXGroup;
			children = (
				07DF9A8888AB382BBF66B82A /* MIDIManager.swift */,
			);
			path = MIDI;
			sourceTree = "<group>";
		};
		EF444A3CD48B3B5C99CA303B /* Presets */ = {
			isa = PBXGroup;
			children = (
				15EA8FEEA48DE995EAB88C89 /* PresetLibrary.swift */,
			);
			path = Presets;
			sourceTree = "<group>";
		};
		F4856813D64EC580D6077177 /* iPhone */ = {
			isa = PBXGroup;
			children = (
				5ACC89B6E4D8406B086745C2 /* IPhoneRootView.swift */,
			);
			path = iPhone;
			sourceTree = "<group>";
		};
/* End PBXGroup section */

/* Begin PBXNativeTarget section */
		0AFA6006D1793B6B900B1197 /* Sonicc */ = {
			isa = PBXNativeTarget;
			buildConfigurationList = FA84C96B796451C558AB8D06 /* Build configuration list for PBXNativeTarget "Sonicc" */;
			buildPhases = (
				08828D52CD7A0483DA2C46BF /* Sources */,
				E5CE47C178934B60EEFB001C /* Resources */,
			);
			buildRules = (
			);
			dependencies = (
			);
			name = Sonicc;
			packageProductDependencies = (
			);
			productName = Sonicc;
			productReference = 0E5EEE68F6E159636EDC68D5 /* Sonicc.app */;
			productType = "com.apple.product-type.application";
		};
/* End PBXNativeTarget section */

/* Begin PBXProject section */
		B33789B8860CE4C70D77E2FD /* Project object */ = {
			isa = PBXProject;
			attributes = {
				BuildIndependentTargetsInParallel = YES;
				LastUpgradeCheck = 1430;
				TargetAttributes = {
					0AFA6006D1793B6B900B1197 = {
						DevelopmentTeam = "";
						ProvisioningStyle = Automatic;
					};
				};
			};
			buildConfigurationList = E5398A018C49264A191987B0 /* Build configuration list for PBXProject "Sonicc" */;
			developmentRegion = en;
			hasScannedForEncodings = 0;
			knownRegions = (
				Base,
				en,
			);
			mainGroup = A5802035D641D30A5899F0FE;
			minimizedProjectReferenceProxies = 1;
			preferredProjectObjectVersion = 77;
			productRefGroup = 245C92AD5DE3AF1FE0C980CD /* Products */;
			projectDirPath = "";
			projectRoot = "";
			targets = (
				0AFA6006D1793B6B900B1197 /* Sonicc */,
			);
		};
/* End PBXProject section */

/* Begin PBXResourcesBuildPhase section */
		E5CE47C178934B60EEFB001C /* Resources */ = {
			isa = PBXResourcesBuildPhase;
			buildActionMask = 2147483647;
			files = (
				37932CB88BAFD43F7D543937 /* Assets.xcassets in Resources */,
				DAC5CF6178AEAD30FDCAC6F9 /* LaunchScreen.storyboard in Resources */,
				CF26AC6B1D9AD84E96582967 /* PrivacyInfo.xcprivacy in Resources */,
			);
			runOnlyForDeploymentPostprocessing = 0;
		};
/* End PBXResourcesBuildPhase section */

/* Begin PBXSourcesBuildPhase section */
		08828D52CD7A0483DA2C46BF /* Sources */ = {
			isa = PBXSourcesBuildPhase;
			buildActionMask = 2147483647;
			files = (
				B61EC327AD8D998F0318370C /* ADSREnvelope.swift in Sources */,
				36D6CECA246DB47BADF6E385 /* AppShortcuts.swift in Sources */,
				05BDE4FE0895F8A1A8C48285 /* AppState.swift in Sources */,
				1F056C928F5A82A34F4950D6 /* AudioEngine.swift in Sources */,
				8F0E37FDAF934655C26AD506 /* AudioSessionConfigurator.swift in Sources */,
				CF8CB5E3BE709EDDDB1E713C /* BiquadLowpass.swift in Sources */,
				8A10313ADFB0D462040D55D9 /* ChordReadout.swift in Sources */,
				AEE6CF3172D498108C2B9929 /* ContentView.swift in Sources */,
				292BE6F44A7F0D8309B498F5 /* ControlBar.swift in Sources */,
				8CF07F656FDEC3D9A19C7ABF /* CustomEffects.swift in Sources */,
				A776A829723A3E9130455DCF /* DesignSystem.swift in Sources */,
				AE66455732D00E217519F5FB /* DrumSynth.swift in Sources */,
				F42564B6C455886CFE8DD760 /* DrumsView.swift in Sources */,
				1120DC06A86D6BA24D61EC8D /* EffectsRack.swift in Sources */,
				4EA206E59106E89ADDE082EA /* FloatingTransport.swift in Sources */,
				9357884910843FCCC6195F02 /* Haptics.swift in Sources */,
				063D4E63C0272CC184CB1EB7 /* HeaderBar.swift in Sources */,
				97BDF56F8C025E2FBFA007AC /* IAPStore.swift in Sources */,
				F5E04ECDA5812A77734E7DE9 /* IPadRootView.swift in Sources */,
				186E68B22B2889663CC80D9B /* IPhoneRootView.swift in Sources */,
				0F151394D6DD80F995CF7C4A /* InspectorPanel.swift in Sources */,
				65C131AE61E6EE73CD4F3CAA /* InspectorStrip.swift in Sources */,
				5F9F2C2073367774A029642C /* KeyboardShortcuts.swift in Sources */,
				1D64FE8910B1005DBCB4DB60 /* KeyboardView.swift in Sources */,
				AE6E09A320F9D4913740C188 /* MIDIManager.swift in Sources */,
				CDD078A764EE4E196C48EC71 /* MicView.swift in Sources */,
				FADE730B90213BA258CD9823 /* MicrophoneRecorder.swift in Sources */,
				BD0AECE542B978DD60A592CD /* MultiTouchKeyboard.swift in Sources */,
				7C124A9140F8207BD3D82CA0 /* NotePitch.swift in Sources */,
				D5A00C9D32B84A1BEDC42516 /* PatternLibrary.swift in Sources */,
				F9994FCC45FA6598DE042508 /* PatternLibrarySheet.swift in Sources */,
				33E981EE23423A1D19757A56 /* PatternView.swift in Sources */,
				D36162DE9A3B9DE0375AF1F1 /* PaywallView.swift in Sources */,
				677307D8916AC370700D6023 /* PresetLibrary.swift in Sources */,
				07950A36C22FD09922713A1C /* RecordingLibrary.swift in Sources */,
				AC01B25AA26D7D9DEA44E58E /* RecordingLibrarySheet.swift in Sources */,
				070D4BB2D8124C923DB8FEC6 /* SamplerEngine.swift in Sources */,
				FCA2F6621E4C8682797001AF /* SamplerView.swift in Sources */,
				39183776B5BB3C20D0C887CF /* Scale.swift in Sources */,
				A21F9F477BB4D16DE77E1262 /* Sequencer.swift in Sources */,
				54CDA6D33A925BC3F56B5100 /* SettingsSheet.swift in Sources */,
				309B3249C3C403425143FAC5 /* SoniccApp.swift in Sources */,
				473F5876426922D92EE34601 /* SynthState.swift in Sources */,
				76FA7BC7942FA46896217CCC /* SynthVoice.swift in Sources */,
				C82863A2BA7287C79AD55DA3 /* ThemeLibrary.swift in Sources */,
				7296D7F94A5AFA76775B12A6 /* TrialGate.swift in Sources */,
				867C59C9FBB69C8C9971C166 /* VoiceAllocator.swift in Sources */,
				14E483F8FBA9ABD71739134A /* Waveforms.swift in Sources */,
				D54085DFBA6E36925A5A1677 /* WelcomeSheet.swift in Sources */,
				309F5497F8261EB9021CFFFD /* WorldInstruments.swift in Sources */,
			);
			runOnlyForDeploymentPostprocessing = 0;
		};
/* End PBXSourcesBuildPhase section */

/* Begin XCBuildConfiguration section */
		06FAC114D7843A7FD312ADB9 /* Release */ = {
			isa = XCBuildConfiguration;
			buildSettings = {
				ALWAYS_SEARCH_USER_PATHS = NO;
				CLANG_ANALYZER_NONNULL = YES;
				CLANG_ANALYZER_NUMBER_OBJECT_CONVERSION = YES_AGGRESSIVE;
				CLANG_CXX_LANGUAGE_STANDARD = "gnu++14";
				CLANG_CXX_LIBRARY = "libc++";
				CLANG_ENABLE_MODULES = YES;
				CLANG_ENABLE_OBJC_ARC = YES;
				CLANG_ENABLE_OBJC_WEAK = YES;
				CLANG_WARN_BLOCK_CAPTURE_AUTORELEASING = YES;
				CLANG_WARN_BOOL_CONVERSION = YES;
				CLANG_WARN_COMMA = YES;
				CLANG_WARN_CONSTANT_CONVERSION = YES;
				CLANG_WARN_DEPRECATED_OBJC_IMPLEMENTATIONS = YES;
				CLANG_WARN_DIRECT_OBJC_ISA_USAGE = YES_ERROR;
				CLANG_WARN_DOCUMENTATION_COMMENTS = YES;
				CLANG_WARN_EMPTY_BODY = YES;
				CLANG_WARN_ENUM_CONVERSION = YES;
				CLANG_WARN_INFINITE_RECURSION = YES;
				CLANG_WARN_INT_CONVERSION = YES;
				CLANG_WARN_NON_LITERAL_NULL_CONVERSION = YES;
				CLANG_WARN_OBJC_IMPLICIT_RETAIN_SELF = YES;
				CLANG_WARN_OBJC_LITERAL_CONVERSION = YES;
				CLANG_WARN_OBJC_ROOT_CLASS = YES_ERROR;
				CLANG_WARN_QUOTED_INCLUDE_IN_FRAMEWORK_HEADER = YES;
				CLANG_WARN_RANGE_LOOP_ANALYSIS = YES;
				CLANG_WARN_STRICT_PROTOTYPES = YES;
				CLANG_WARN_SUSPICIOUS_MOVE = YES;
				CLANG_WARN_UNGUARDED_AVAILABILITY = YES_AGGRESSIVE;
				CLANG_WARN_UNREACHABLE_CODE = YES;
				CLANG_WARN__DUPLICATE_METHOD_MATCH = YES;
				COPY_PHASE_STRIP = NO;
				DEBUG_INFORMATION_FORMAT = "dwarf-with-dsym";
				ENABLE_NS_ASSERTIONS = NO;
				ENABLE_PREVIEWS = YES;
				ENABLE_STRICT_OBJC_MSGSEND = YES;
				GCC_C_LANGUAGE_STANDARD = gnu11;
				GCC_NO_COMMON_BLOCKS = YES;
				GCC_WARN_64_TO_32_BIT_CONVERSION = YES;
				GCC_WARN_ABOUT_RETURN_TYPE = YES_ERROR;
				GCC_WARN_UNDECLARED_SELECTOR = YES;
				GCC_WARN_UNINITIALIZED_AUTOS = YES_AGGRESSIVE;
				GCC_WARN_UNUSED_FUNCTION = YES;
				GCC_WARN_UNUSED_VARIABLE = YES;
				IPHONEOS_DEPLOYMENT_TARGET = 17.0;
				MTL_ENABLE_DEBUG_INFO = NO;
				MTL_FAST_MATH = YES;
				PRODUCT_NAME = "$(TARGET_NAME)";
				SDKROOT = iphoneos;
				SUPPORTS_MACCATALYST = NO;
				SWIFT_COMPILATION_MODE = wholemodule;
				SWIFT_OPTIMIZATION_LEVEL = "-O";
				SWIFT_STRICT_CONCURRENCY = minimal;
				SWIFT_VERSION = 5.10;
				TARGETED_DEVICE_FAMILY = "1,2";
			};
			name = Release;
		};
		0B357564755CED0D665D952D /* Debug */ = {
			isa = XCBuildConfiguration;
			buildSettings = {
				ASSETCATALOG_COMPILER_APPICON_NAME = AppIcon;
				ASSETCATALOG_COMPILER_GLOBAL_ACCENT_COLOR_NAME = AccentColor;
				CODE_SIGN_ENTITLEMENTS = Sonicc/Sonicc.entitlements;
				CODE_SIGN_IDENTITY = "iPhone Developer";
				CODE_SIGN_STYLE = Automatic;
				DEVELOPMENT_TEAM = "";
				ENABLE_USER_SCRIPT_SANDBOXING = NO;
				GENERATE_INFOPLIST_FILE = NO;
				INFOPLIST_FILE = Sonicc/Info.plist;
				IPHONEOS_DEPLOYMENT_TARGET = 17.0;
				LD_RUNPATH_SEARCH_PATHS = (
					"$(inherited)",
					"@executable_path/Frameworks",
				);
				PRODUCT_BUNDLE_IDENTIFIER = app.sonicc.Sonicc;
				PRODUCT_NAME = Sonicc;
				SDKROOT = iphoneos;
				SWIFT_ACTIVE_COMPILATION_CONDITIONS = DEBUG;
				SWIFT_OPTIMIZATION_LEVEL = "-Onone";
				TARGETED_DEVICE_FAMILY = "1,2";
			};
			name = Debug;
		};
		8D7DD57ABAD7F877689CC875 /* Debug */ = {
			isa = XCBuildConfiguration;
			buildSettings = {
				ALWAYS_SEARCH_USER_PATHS = NO;
				CLANG_ANALYZER_NONNULL = YES;
				CLANG_ANALYZER_NUMBER_OBJECT_CONVERSION = YES_AGGRESSIVE;
				CLANG_CXX_LANGUAGE_STANDARD = "gnu++14";
				CLANG_CXX_LIBRARY = "libc++";
				CLANG_ENABLE_MODULES = YES;
				CLANG_ENABLE_OBJC_ARC = YES;
				CLANG_ENABLE_OBJC_WEAK = YES;
				CLANG_WARN_BLOCK_CAPTURE_AUTORELEASING = YES;
				CLANG_WARN_BOOL_CONVERSION = YES;
				CLANG_WARN_COMMA = YES;
				CLANG_WARN_CONSTANT_CONVERSION = YES;
				CLANG_WARN_DEPRECATED_OBJC_IMPLEMENTATIONS = YES;
				CLANG_WARN_DIRECT_OBJC_ISA_USAGE = YES_ERROR;
				CLANG_WARN_DOCUMENTATION_COMMENTS = YES;
				CLANG_WARN_EMPTY_BODY = YES;
				CLANG_WARN_ENUM_CONVERSION = YES;
				CLANG_WARN_INFINITE_RECURSION = YES;
				CLANG_WARN_INT_CONVERSION = YES;
				CLANG_WARN_NON_LITERAL_NULL_CONVERSION = YES;
				CLANG_WARN_OBJC_IMPLICIT_RETAIN_SELF = YES;
				CLANG_WARN_OBJC_LITERAL_CONVERSION = YES;
				CLANG_WARN_OBJC_ROOT_CLASS = YES_ERROR;
				CLANG_WARN_QUOTED_INCLUDE_IN_FRAMEWORK_HEADER = YES;
				CLANG_WARN_RANGE_LOOP_ANALYSIS = YES;
				CLANG_WARN_STRICT_PROTOTYPES = YES;
				CLANG_WARN_SUSPICIOUS_MOVE = YES;
				CLANG_WARN_UNGUARDED_AVAILABILITY = YES_AGGRESSIVE;
				CLANG_WARN_UNREACHABLE_CODE = YES;
				CLANG_WARN__DUPLICATE_METHOD_MATCH = YES;
				COPY_PHASE_STRIP = NO;
				DEBUG_INFORMATION_FORMAT = dwarf;
				ENABLE_PREVIEWS = YES;
				ENABLE_STRICT_OBJC_MSGSEND = YES;
				ENABLE_TESTABILITY = YES;
				GCC_C_LANGUAGE_STANDARD = gnu11;
				GCC_DYNAMIC_NO_PIC = NO;
				GCC_NO_COMMON_BLOCKS = YES;
				GCC_OPTIMIZATION_LEVEL = 0;
				GCC_PREPROCESSOR_DEFINITIONS = (
					"$(inherited)",
					"DEBUG=1",
				);
				GCC_WARN_64_TO_32_BIT_CONVERSION = YES;
				GCC_WARN_ABOUT_RETURN_TYPE = YES_ERROR;
				GCC_WARN_UNDECLARED_SELECTOR = YES;
				GCC_WARN_UNINITIALIZED_AUTOS = YES_AGGRESSIVE;
				GCC_WARN_UNUSED_FUNCTION = YES;
				GCC_WARN_UNUSED_VARIABLE = YES;
				IPHONEOS_DEPLOYMENT_TARGET = 17.0;
				MTL_ENABLE_DEBUG_INFO = INCLUDE_SOURCE;
				MTL_FAST_MATH = YES;
				ONLY_ACTIVE_ARCH = YES;
				PRODUCT_NAME = "$(TARGET_NAME)";
				SDKROOT = iphoneos;
				SUPPORTS_MACCATALYST = NO;
				SWIFT_ACTIVE_COMPILATION_CONDITIONS = DEBUG;
				SWIFT_OPTIMIZATION_LEVEL = "-Onone";
				SWIFT_STRICT_CONCURRENCY = minimal;
				SWIFT_VERSION = 5.10;
				TARGETED_DEVICE_FAMILY = "1,2";
			};
			name = Debug;
		};
		E14103F8FCD0DB9CCD549EB6 /* Release */ = {
			isa = XCBuildConfiguration;
			buildSettings = {
				ASSETCATALOG_COMPILER_APPICON_NAME = AppIcon;
				ASSETCATALOG_COMPILER_GLOBAL_ACCENT_COLOR_NAME = AccentColor;
				CODE_SIGN_ENTITLEMENTS = Sonicc/Sonicc.entitlements;
				CODE_SIGN_IDENTITY = "iPhone Developer";
				CODE_SIGN_STYLE = Automatic;
				DEVELOPMENT_TEAM = "";
				ENABLE_USER_SCRIPT_SANDBOXING = NO;
				GENERATE_INFOPLIST_FILE = NO;
				INFOPLIST_FILE = Sonicc/Info.plist;
				IPHONEOS_DEPLOYMENT_TARGET = 17.0;
				LD_RUNPATH_SEARCH_PATHS = (
					"$(inherited)",
					"@executable_path/Frameworks",
				);
				PRODUCT_BUNDLE_IDENTIFIER = app.sonicc.Sonicc;
				PRODUCT_NAME = Sonicc;
				SDKROOT = iphoneos;
				SWIFT_ACTIVE_COMPILATION_CONDITIONS = DEBUG;
				SWIFT_OPTIMIZATION_LEVEL = "-Onone";
				TARGETED_DEVICE_FAMILY = "1,2";
			};
			name = Release;
		};
/* End XCBuildConfiguration section */

/* Begin XCConfigurationList section */
		E5398A018C49264A191987B0 /* Build configuration list for PBXProject "Sonicc" */ = {
			isa = XCConfigurationList;
			buildConfigurations = (
				8D7DD57ABAD7F877689CC875 /* Debug */,
				06FAC114D7843A7FD312ADB9 /* Release */,
			);
			defaultConfigurationIsVisible = 0;
			defaultConfigurationName = Debug;
		};
		FA84C96B796451C558AB8D06 /* Build configuration list for PBXNativeTarget "Sonicc" */ = {
			isa = XCConfigurationList;
			buildConfigurations = (
				0B357564755CED0D665D952D /* Debug */,
				E14103F8FCD0DB9CCD549EB6 /* Release */,
			);
			defaultConfigurationIsVisible = 0;
			defaultConfigurationName = Debug;
		};
/* End XCConfigurationList section */
	};
	rootObject = B33789B8860CE4C70D77E2FD /* Project object */;
}
